
Microsoft Visual Studio Solution File, Format Version 12.00
Project("{2150E333-8FDC-42A3-9474-1A3956D46DE8}") = "src", "src", "{4B83013B-433C-4EEE-AA7F-35E2DFB91B88}"
EndProject
Project("{2150E333-8FDC-42A3-9474-1A3956D46DE8}") = "test", "test", "{DEB2698C-0984-427D-8E71-6F2DFEE59156}"
EndProject
Project("{2150E333-8FDC-42A3-9474-1A3956D46DE8}") = "apps", "apps", "{B545A48D-41D6-4658-8BD4-5376C79036B4}"
EndProject
Project("{FAE04EC0-301F-11D3-BF4B-00C04F79EFBC}") = "Invoices", "src\Invoices\Invoices.csproj", "{6B1E6711-9431-4D45-A104-D3A8ECFD44D5}"
EndProject
Project("{FAE04EC0-301F-11D3-BF4B-00C04F79EFBC}") = "Invoices.Api", "apps\Invoices.Api\Invoices.Api.csproj", "{E832ECEC-84AF-4BDC-9D3D-46845639F79C}"
EndProject
Project("{2150E333-8FDC-42A3-9474-1A3956D46DE8}") = "src", "src", "{87C16618-0E95-4783-9041-20C33CB31C04}"
EndProject
Project("{2150E333-8FDC-42A3-9474-1A3956D46DE8}") = "apps", "apps", "{AE4DF03E-F368-4DD3-81F5-2751F10CEE8D}"
EndProject
Project("{FAE04EC0-301F-11D3-BF4B-00C04F79EFBC}") = "Test.Invoices.Api", "test\apps\Test.Invoices.Api\Test.Invoices.Api.csproj", "{5043A98A-C6C4-4340-B48B-76F2C8764FDB}"
EndProject
Project("{FAE04EC0-301F-11D3-BF4B-00C04F79EFBC}") = "Test.Invoices", "test\src\Test.Invoices\Test.Invoices.csproj", "{47FAC878-61EB-4E7D-A9F9-F4ED4FCA5DE9}"
EndProject
Global
	GlobalSection(SolutionConfigurationPlatforms) = preSolution
		Debug|Any CPU = Debug|Any CPU
		Release|Any CPU = Release|Any CPU
	EndGlobalSection
	GlobalSection(NestedProjects) = preSolution
		{6B1E6711-9431-4D45-A104-D3A8ECFD44D5} = {4B83013B-433C-4EEE-AA7F-35E2DFB91B88}
		{E832ECEC-84AF-4BDC-9D3D-46845639F79C} = {B545A48D-41D6-4658-8BD4-5376C79036B4}
		{87C16618-0E95-4783-9041-20C33CB31C04} = {DEB2698C-0984-427D-8E71-6F2DFEE59156}
		{AE4DF03E-F368-4DD3-81F5-2751F10CEE8D} = {DEB2698C-0984-427D-8E71-6F2DFEE59156}
		{5043A98A-C6C4-4340-B48B-76F2C8764FDB} = {AE4DF03E-F368-4DD3-81F5-2751F10CEE8D}
		{47FAC878-61EB-4E7D-A9F9-F4ED4FCA5DE9} = {87C16618-0E95-4783-9041-20C33CB31C04}
	EndGlobalSection
	GlobalSection(ProjectConfigurationPlatforms) = postSolution
		{6B1E6711-9431-4D45-A104-D3A8ECFD44D5}.Debug|Any CPU.ActiveCfg = Debug|Any CPU
		{6B1E6711-9431-4D45-A104-D3A8ECFD44D5}.Debug|Any CPU.Build.0 = Debug|Any CPU
		{6B1E6711-9431-4D45-A104-D3A8ECFD44D5}.Release|Any CPU.ActiveCfg = Release|Any CPU
		{6B1E6711-9431-4D45-A104-D3A8ECFD44D5}.Release|Any CPU.Build.0 = Release|Any CPU
		{E832ECEC-84AF-4BDC-9D3D-46845639F79C}.Debug|Any CPU.ActiveCfg = Debug|Any CPU
		{E832ECEC-84AF-4BDC-9D3D-46845639F79C}.Debug|Any CPU.Build.0 = Debug|Any CPU
		{E832ECEC-84AF-4BDC-9D3D-46845639F79C}.Release|Any CPU.ActiveCfg = Release|Any CPU
		{E832ECEC-84AF-4BDC-9D3D-46845639F79C}.Release|Any CPU.Build.0 = Release|Any CPU
		{5043A98A-C6C4-4340-B48B-76F2C8764FDB}.Debug|Any CPU.ActiveCfg = Debug|Any CPU
		{5043A98A-C6C4-4340-B48B-76F2C8764FDB}.Debug|Any CPU.Build.0 = Debug|Any CPU
		{5043A98A-C6C4-4340-B48B-76F2C8764FDB}.Release|Any CPU.ActiveCfg = Release|Any CPU
		{5043A98A-C6C4-4340-B48B-76F2C8764FDB}.Release|Any CPU.Build.0 = Release|Any CPU
		{47FAC878-61EB-4E7D-A9F9-F4ED4FCA5DE9}.Debug|Any CPU.ActiveCfg = Debug|Any CPU
		{47FAC878-61EB-4E7D-A9F9-F4ED4FCA5DE9}.Debug|Any CPU.Build.0 = Debug|Any CPU
		{47FAC878-61EB-4E7D-A9F9-F4ED4FCA5DE9}.Release|Any CPU.ActiveCfg = Release|Any CPU
		{47FAC878-61EB-4E7D-A9F9-F4ED4FCA5DE9}.Release|Any CPU.Build.0 = Release|Any CPU
	EndGlobalSection
EndGlobal
